
Microsoft Visual Studio Solution File, Format Version 12.00
# Visual Studio Version 17
VisualStudioVersion = 17.14.36301.6
MinimumVisualStudioVersion = 10.0.40219.1
Project("{FAE04EC0-301F-11D3-BF4B-00C04F79EFBC}") = "WebClient", "WebClient\WebClient.csproj", "{6FAE3839-E10B-4B61-AF2E-55C9CC190255}"
EndProject
Project("{FAE04EC0-301F-11D3-BF4B-00C04F79EFBC}") = "TestApi", "TestApi\TestApi.csproj", "{93C96A21-72D9-47BC-9940-CB91570B4BC9}"
EndProject
Global
	GlobalSection(SolutionConfigurationPlatforms) = preSolution
		Debug|Any CPU = Debug|Any CPU
		Release|Any CPU = Release|Any CPU
	EndGlobalSection
	GlobalSection(ProjectConfigurationPlatforms) = postSolution
		{6FAE3839-E10B-4B61-AF2E-55C9CC190255}.Debug|Any CPU.ActiveCfg = Debug|Any CPU
		{6FAE3839-E10B-4B61-AF2E-55C9CC190255}.Debug|Any CPU.Build.0 = Debug|Any CPU
		{6FAE3839-E10B-4B61-AF2E-55C9CC190255}.Release|Any CPU.ActiveCfg = Release|Any CPU
		{6FAE3839-E10B-4B61-AF2E-55C9CC190255}.Release|Any CPU.Build.0 = Release|Any CPU
		{93C96A21-72D9-47BC-9940-CB91570B4BC9}.Debug|Any CPU.ActiveCfg = Debug|Any CPU
		{93C96A21-72D9-47BC-9940-CB91570B4BC9}.Debug|Any CPU.Build.0 = Debug|Any CPU
		{93C96A21-72D9-47BC-9940-CB91570B4BC9}.Release|Any CPU.ActiveCfg = Release|Any CPU
		{93C96A21-72D9-47BC-9940-CB91570B4BC9}.Release|Any CPU.Build.0 = Release|Any CPU
	EndGlobalSection
	GlobalSection(SolutionProperties) = preSolution
		HideSolutionNode = FALSE
	EndGlobalSection
	GlobalSection(ExtensibilityGlobals) = postSolution
		SolutionGuid = {E96FBEDE-7D28-482E-8024-7FA9F6697116}
	EndGlobalSection
EndGlobal
